
Microsoft Visual Studio Solution File, Format Version 12.00
# Visual Studio Version 17
VisualStudioVersion = 17.13.35806.99 d17.13
MinimumVisualStudioVersion = 10.0.40219.1
Project("{FAE04EC0-301F-11D3-BF4B-00C04F79EFBC}") = "APIToken", "APIToken\APIToken.csproj", "{0AC18E92-7D11-4028-B625-4A0160B4868B}"
EndProject
Global
	GlobalSection(SolutionConfigurationPlatforms) = preSolution
		Debug|Any CPU = Debug|Any CPU
		Release|Any CPU = Release|Any CPU
	EndGlobalSection
	GlobalSection(ProjectConfigurationPlatforms) = postSolution
		{0AC18E92-7D11-4028-B625-4A0160B4868B}.Debug|Any CPU.ActiveCfg = Debug|Any CPU
		{0AC18E92-7D11-4028-B625-4A0160B4868B}.Debug|Any CPU.Build.0 = Debug|Any CPU
		{0AC18E92-7D11-4028-B625-4A0160B4868B}.Release|Any CPU.ActiveCfg = Release|Any CPU
		{0AC18E92-7D11-4028-B625-4A0160B4868B}.Release|Any CPU.Build.0 = Release|Any CPU
	EndGlobalSection
	GlobalSection(SolutionProperties) = preSolution
		HideSolutionNode = FALSE
	EndGlobalSection
	GlobalSection(ExtensibilityGlobals) = postSolution
		SolutionGuid = {BE5E54FB-5801-487E-9766-A3859A51DA21}
	EndGlobalSection
EndGlobal
